
Microsoft Visual Studio Solution File, Format Version 12.00
# Visual Studio Version 17
VisualStudioVersion = 17.7.34221.43
MinimumVisualStudioVersion = 10.0.40219.1
Project("{FAE04EC0-301F-11D3-BF4B-00C04F79EFBC}") = "0306231316_DoMinhNhat", "0306231316_DoMinhNhat\0306231316_DoMinhNhat.csproj", "{A2CA02E1-8C4B-47C1-9AD6-19628E9A168E}"
EndProject
Global
	GlobalSection(SolutionConfigurationPlatforms) = preSolution
		Debug|Any CPU = Debug|Any CPU
		Release|Any CPU = Release|Any CPU
	EndGlobalSection
	GlobalSection(ProjectConfigurationPlatforms) = postSolution
		{A2CA02E1-8C4B-47C1-9AD6-19628E9A168E}.Debug|Any CPU.ActiveCfg = Debug|Any CPU
		{A2CA02E1-8C4B-47C1-9AD6-19628E9A168E}.Debug|Any CPU.Build.0 = Debug|Any CPU
		{A2CA02E1-8C4B-47C1-9AD6-19628E9A168E}.Release|Any CPU.ActiveCfg = Release|Any CPU
		{A2CA02E1-8C4B-47C1-9AD6-19628E9A168E}.Release|Any CPU.Build.0 = Release|Any CPU
	EndGlobalSection
	GlobalSection(SolutionProperties) = preSolution
		HideSolutionNode = FALSE
	EndGlobalSection
	GlobalSection(ExtensibilityGlobals) = postSolution
		SolutionGuid = {1B4BDF2D-D834-41CB-8D73-07C756C253C4}
	EndGlobalSection
EndGlobal
