
Microsoft Visual Studio Solution File, Format Version 12.00
# Visual Studio Version 17
VisualStudioVersion = 17.7.34221.43
MinimumVisualStudioVersion = 10.0.40219.1
Project("{9A19103F-16F7-4668-BE54-9A1E7A4F7556}") = "0306231316_DoMinhNhat_Bai1", "0306231316_DoMinhNhat_Bai1\0306231316_DoMinhNhat_Bai1.csproj", "{58D3BC53-2177-426A-A4D9-DD675B3B45DC}"
EndProject
Project("{9A19103F-16F7-4668-BE54-9A1E7A4F7556}") = "0306231316_DoMinhNhat_Bai2", "0306231316_DoMinhNhat_Bai2\0306231316_DoMinhNhat_Bai2.csproj", "{9DB6B6DF-4E89-4ABD-868A-BA75C36F7175}"
EndProject
Project("{9A19103F-16F7-4668-BE54-9A1E7A4F7556}") = "0306231316_DoMinhNhat_Bai3", "0306231316_DoMinhNhat_Bai3\0306231316_DoMinhNhat_Bai3.csproj", "{73114AE3-6220-47E7-943D-843C71A77974}"
EndProject
Project("{9A19103F-16F7-4668-BE54-9A1E7A4F7556}") = "0306231316_DoMinhNhat_Bai4", "0306231316_DoMinhNhat_Bai4\0306231316_DoMinhNhat_Bai4.csproj", "{7BFAFF36-16FA-44FF-AE9F-05C56909B93B}"
EndProject
Project("{9A19103F-16F7-4668-BE54-9A1E7A4F7556}") = "0306231316_DoMinhNhat_Bai5", "0306231316_DoMinhNhat_Bai5\0306231316_DoMinhNhat_Bai5.csproj", "{909B1731-37FE-45F8-9CE4-78526825AC66}"
EndProject
Project("{9A19103F-16F7-4668-BE54-9A1E7A4F7556}") = "0306231316_DoMinhNhat_Bai6", "0306231316_DoMinhNhat_Bai6\0306231316_DoMinhNhat_Bai6.csproj", "{A2DE659C-87D0-471C-BF11-78A15DAA1E65}"
EndProject
Project("{9A19103F-16F7-4668-BE54-9A1E7A4F7556}") = "0306231316_DoMinhNhat_Bai7", "0306231316_DoMinhNhat_Bai7\0306231316_DoMinhNhat_Bai7.csproj", "{657A3ECF-CFF2-46A1-9790-4F906B67EC60}"
EndProject
Project("{9A19103F-16F7-4668-BE54-9A1E7A4F7556}") = "0306231316_DoMinhNhat_Bai8", "0306231316_DoMinhNhat_Bai8\0306231316_DoMinhNhat_Bai8.csproj", "{C13CF7D5-0840-41C1-B810-31266EE0A71D}"
EndProject
Project("{FAE04EC0-301F-11D3-BF4B-00C04F79EFBC}") = "0306231316_DoMinhNhat_Bai9", "0306231316_DoMinhNhat_Bai9\0306231316_DoMinhNhat_Bai9.csproj", "{4625DC14-F943-4A20-B2BD-29DEB637506F}"
EndProject
Global
	GlobalSection(SolutionConfigurationPlatforms) = preSolution
		Debug|Any CPU = Debug|Any CPU
		Release|Any CPU = Release|Any CPU
	EndGlobalSection
	GlobalSection(ProjectConfigurationPlatforms) = postSolution
		{58D3BC53-2177-426A-A4D9-DD675B3B45DC}.Debug|Any CPU.ActiveCfg = Debug|Any CPU
		{58D3BC53-2177-426A-A4D9-DD675B3B45DC}.Debug|Any CPU.Build.0 = Debug|Any CPU
		{58D3BC53-2177-426A-A4D9-DD675B3B45DC}.Release|Any CPU.ActiveCfg = Release|Any CPU
		{58D3BC53-2177-426A-A4D9-DD675B3B45DC}.Release|Any CPU.Build.0 = Release|Any CPU
		{9DB6B6DF-4E89-4ABD-868A-BA75C36F7175}.Debug|Any CPU.ActiveCfg = Debug|Any CPU
		{9DB6B6DF-4E89-4ABD-868A-BA75C36F7175}.Debug|Any CPU.Build.0 = Debug|Any CPU
		{9DB6B6DF-4E89-4ABD-868A-BA75C36F7175}.Release|Any CPU.ActiveCfg = Release|Any CPU
		{9DB6B6DF-4E89-4ABD-868A-BA75C36F7175}.Release|Any CPU.Build.0 = Release|Any CPU
		{73114AE3-6220-47E7-943D-843C71A77974}.Debug|Any CPU.ActiveCfg = Debug|Any CPU
		{73114AE3-6220-47E7-943D-843C71A77974}.Debug|Any CPU.Build.0 = Debug|Any CPU
		{73114AE3-6220-47E7-943D-843C71A77974}.Release|Any CPU.ActiveCfg = Release|Any CPU
		{73114AE3-6220-47E7-943D-843C71A77974}.Release|Any CPU.Build.0 = Release|Any CPU
		{7BFAFF36-16FA-44FF-AE9F-05C56909B93B}.Debug|Any CPU.ActiveCfg = Debug|Any CPU
		{7BFAFF36-16FA-44FF-AE9F-05C56909B93B}.Debug|Any CPU.Build.0 = Debug|Any CPU
		{7BFAFF36-16FA-44FF-AE9F-05C56909B93B}.Release|Any CPU.ActiveCfg = Release|Any CPU
		{7BFAFF36-16FA-44FF-AE9F-05C56909B93B}.Release|Any CPU.Build.0 = Release|Any CPU
		{909B1731-37FE-45F8-9CE4-78526825AC66}.Debug|Any CPU.ActiveCfg = Debug|Any CPU
		{909B1731-37FE-45F8-9CE4-78526825AC66}.Debug|Any CPU.Build.0 = Debug|Any CPU
		{909B1731-37FE-45F8-9CE4-78526825AC66}.Release|Any CPU.ActiveCfg = Release|Any CPU
		{909B1731-37FE-45F8-9CE4-78526825AC66}.Release|Any CPU.Build.0 = Release|Any CPU
		{A2DE659C-87D0-471C-BF11-78A15DAA1E65}.Debug|Any CPU.ActiveCfg = Debug|Any CPU
		{A2DE659C-87D0-471C-BF11-78A15DAA1E65}.Debug|Any CPU.Build.0 = Debug|Any CPU
		{A2DE659C-87D0-471C-BF11-78A15DAA1E65}.Release|Any CPU.ActiveCfg = Release|Any CPU
		{A2DE659C-87D0-471C-BF11-78A15DAA1E65}.Release|Any CPU.Build.0 = Release|Any CPU
		{657A3ECF-CFF2-46A1-9790-4F906B67EC60}.Debug|Any CPU.ActiveCfg = Debug|Any CPU
		{657A3ECF-CFF2-46A1-9790-4F906B67EC60}.Debug|Any CPU.Build.0 = Debug|Any CPU
		{657A3ECF-CFF2-46A1-9790-4F906B67EC60}.Release|Any CPU.ActiveCfg = Release|Any CPU
		{657A3ECF-CFF2-46A1-9790-4F906B67EC60}.Release|Any CPU.Build.0 = Release|Any CPU
		{C13CF7D5-0840-41C1-B810-31266EE0A71D}.Debug|Any CPU.ActiveCfg = Debug|Any CPU
		{C13CF7D5-0840-41C1-B810-31266EE0A71D}.Debug|Any CPU.Build.0 = Debug|Any CPU
		{C13CF7D5-0840-41C1-B810-31266EE0A71D}.Release|Any CPU.ActiveCfg = Release|Any CPU
		{C13CF7D5-0840-41C1-B810-31266EE0A71D}.Release|Any CPU.Build.0 = Release|Any CPU
		{4625DC14-F943-4A20-B2BD-29DEB637506F}.Debug|Any CPU.ActiveCfg = Debug|Any CPU
		{4625DC14-F943-4A20-B2BD-29DEB637506F}.Debug|Any CPU.Build.0 = Debug|Any CPU
		{4625DC14-F943-4A20-B2BD-29DEB637506F}.Release|Any CPU.ActiveCfg = Release|Any CPU
		{4625DC14-F943-4A20-B2BD-29DEB637506F}.Release|Any CPU.Build.0 = Release|Any CPU
	EndGlobalSection
	GlobalSection(SolutionProperties) = preSolution
		HideSolutionNode = FALSE
	EndGlobalSection
	GlobalSection(ExtensibilityGlobals) = postSolution
		SolutionGuid = {ED35A4C9-83D1-4D4A-91C1-FE2F3ACF924D}
	EndGlobalSection
EndGlobal
