
Microsoft Visual Studio Solution File, Format Version 12.00
# Visual Studio Version 17
VisualStudioVersion = 17.7.34221.43
MinimumVisualStudioVersion = 10.0.40219.1
Project("{FAE04EC0-301F-11D3-BF4B-00C04F79EFBC}") = "0306231316_DoMinhNhat", "0306231316_DoMinhNhat\0306231316_DoMinhNhat.csproj", "{FE70DB10-B6F8-49C7-ADE4-53D4DC723755}"
EndProject
Global
	GlobalSection(SolutionConfigurationPlatforms) = preSolution
		Debug|Any CPU = Debug|Any CPU
		Release|Any CPU = Release|Any CPU
	EndGlobalSection
	GlobalSection(ProjectConfigurationPlatforms) = postSolution
		{FE70DB10-B6F8-49C7-ADE4-53D4DC723755}.Debug|Any CPU.ActiveCfg = Debug|Any CPU
		{FE70DB10-B6F8-49C7-ADE4-53D4DC723755}.Debug|Any CPU.Build.0 = Debug|Any CPU
		{FE70DB10-B6F8-49C7-ADE4-53D4DC723755}.Release|Any CPU.ActiveCfg = Release|Any CPU
		{FE70DB10-B6F8-49C7-ADE4-53D4DC723755}.Release|Any CPU.Build.0 = Release|Any CPU
	EndGlobalSection
	GlobalSection(SolutionProperties) = preSolution
		HideSolutionNode = FALSE
	EndGlobalSection
	GlobalSection(ExtensibilityGlobals) = postSolution
		SolutionGuid = {A2E7090B-E771-4C8C-8E63-9D9179788608}
	EndGlobalSection
EndGlobal
