
Microsoft Visual Studio Solution File, Format Version 12.00
# Visual Studio Version 17
VisualStudioVersion = 17.10.35027.167
MinimumVisualStudioVersion = 10.0.40219.1
Project("{8BC9CEB8-8B4A-11D0-8D11-00A0C91BC942}") = "Bài 1", "Bài 1\Bài 1.vcxproj", "{B250743A-18B1-44A1-ABB0-387BABD355A4}"
EndProject
Project("{8BC9CEB8-8B4A-11D0-8D11-00A0C91BC942}") = "Bài 2", "Bài 2\Bài 2.vcxproj", "{6D6A45D1-D89A-44C6-94D2-892291D53FFC}"
EndProject
Global
	GlobalSection(SolutionConfigurationPlatforms) = preSolution
		Debug|x64 = Debug|x64
		Debug|x86 = Debug|x86
		Release|x64 = Release|x64
		Release|x86 = Release|x86
	EndGlobalSection
	GlobalSection(ProjectConfigurationPlatforms) = postSolution
		{B250743A-18B1-44A1-ABB0-387BABD355A4}.Debug|x64.ActiveCfg = Debug|x64
		{B250743A-18B1-44A1-ABB0-387BABD355A4}.Debug|x64.Build.0 = Debug|x64
		{B250743A-18B1-44A1-ABB0-387BABD355A4}.Debug|x86.ActiveCfg = Debug|Win32
		{B250743A-18B1-44A1-ABB0-387BABD355A4}.Debug|x86.Build.0 = Debug|Win32
		{B250743A-18B1-44A1-ABB0-387BABD355A4}.Release|x64.ActiveCfg = Release|x64
		{B250743A-18B1-44A1-ABB0-387BABD355A4}.Release|x64.Build.0 = Release|x64
		{B250743A-18B1-44A1-ABB0-387BABD355A4}.Release|x86.ActiveCfg = Release|Win32
		{B250743A-18B1-44A1-ABB0-387BABD355A4}.Release|x86.Build.0 = Release|Win32
		{6D6A45D1-D89A-44C6-94D2-892291D53FFC}.Debug|x64.ActiveCfg = Debug|x64
		{6D6A45D1-D89A-44C6-94D2-892291D53FFC}.Debug|x64.Build.0 = Debug|x64
		{6D6A45D1-D89A-44C6-94D2-892291D53FFC}.Debug|x86.ActiveCfg = Debug|Win32
		{6D6A45D1-D89A-44C6-94D2-892291D53FFC}.Debug|x86.Build.0 = Debug|Win32
		{6D6A45D1-D89A-44C6-94D2-892291D53FFC}.Release|x64.ActiveCfg = Release|x64
		{6D6A45D1-D89A-44C6-94D2-892291D53FFC}.Release|x64.Build.0 = Release|x64
		{6D6A45D1-D89A-44C6-94D2-892291D53FFC}.Release|x86.ActiveCfg = Release|Win32
		{6D6A45D1-D89A-44C6-94D2-892291D53FFC}.Release|x86.Build.0 = Release|Win32
	EndGlobalSection
	GlobalSection(SolutionProperties) = preSolution
		HideSolutionNode = FALSE
	EndGlobalSection
	GlobalSection(ExtensibilityGlobals) = postSolution
		SolutionGuid = {46511368-EAB3-4420-A436-1416EFA1A1B7}
	EndGlobalSection
EndGlobal
