
Microsoft Visual Studio Solution File, Format Version 12.00
# Visual Studio Version 17
VisualStudioVersion = 17.7.34221.43
MinimumVisualStudioVersion = 10.0.40219.1
Project("{9A19103F-16F7-4668-BE54-9A1E7A4F7556}") = "0306231316_DoMinhNhat_Bai1", "0306231316_DoMinhNhat_Bai1.csproj", "{6A0C795E-E9C1-46DB-BC3B-A62B20EB139C}"
EndProject
Project("{9A19103F-16F7-4668-BE54-9A1E7A4F7556}") = "0306231316_DoMinhNhat_Bai2", "..\0306231316_DoMinhNhat_Bai2\0306231316_DoMinhNhat_Bai2.csproj", "{43B1734E-BB62-4066-B07F-CFA4AF5C76D3}"
EndProject
Project("{9A19103F-16F7-4668-BE54-9A1E7A4F7556}") = "0306231316_DoMinhNhat_Bai3", "..\0306231316_DoMinhNhat_Bai3\0306231316_DoMinhNhat_Bai3.csproj", "{769A634A-2840-4998-B879-2102728DFFA5}"
EndProject
Project("{9A19103F-16F7-4668-BE54-9A1E7A4F7556}") = "0306231316_DoMinhNhat_Bai4", "..\0306231316_DoMinhNhat_Bai4\0306231316_DoMinhNhat_Bai4.csproj", "{015B1B50-66F1-4BD1-9150-53B09786FEC8}"
EndProject
Project("{9A19103F-16F7-4668-BE54-9A1E7A4F7556}") = "0306231316_DoMinhNhat_Bai5", "..\0306231316_DoMinhNhat_Bai5\0306231316_DoMinhNhat_Bai5.csproj", "{04F4E276-BD0F-492E-80BF-34FBA1606551}"
EndProject
Project("{9A19103F-16F7-4668-BE54-9A1E7A4F7556}") = "0306231316_DoMinhNhat_Bai6", "..\0306231316_DoMinhNhat_Bai6\0306231316_DoMinhNhat_Bai6.csproj", "{B6C02DBD-FD0B-4689-AA10-C048453999A1}"
EndProject
Project("{9A19103F-16F7-4668-BE54-9A1E7A4F7556}") = "0306231316_DoMinhNhat_Bai7", "..\0306231316_DoMinhNhat_Bai7\0306231316_DoMinhNhat_Bai7.csproj", "{2C53D42B-244C-46DB-8BFB-93BC6577EBE8}"
EndProject
Project("{9A19103F-16F7-4668-BE54-9A1E7A4F7556}") = "0306231316_DoMinhNhat_Bai8", "..\0306231316_DoMinhNhat_Bai8\0306231316_DoMinhNhat_Bai8.csproj", "{50F60340-AB12-45DF-99C5-97B0D7E39493}"
EndProject
Project("{9A19103F-16F7-4668-BE54-9A1E7A4F7556}") = "0306231316_DoMinhNhat_Bai9", "..\0306231316_DoMinhNhat_Bai9\0306231316_DoMinhNhat_Bai9.csproj", "{5BAE6817-8D95-434D-8F6A-F3012B2A44B4}"
EndProject
Project("{9A19103F-16F7-4668-BE54-9A1E7A4F7556}") = "0306231316_DoMinhNhat_Bai10", "..\0306231316_DoMinhNhat_Bai10\0306231316_DoMinhNhat_Bai10.csproj", "{9605545A-3438-4E10-B542-5AC3A37D415C}"
EndProject
Project("{9A19103F-16F7-4668-BE54-9A1E7A4F7556}") = "0306231316_DoMinhNhat_Bai11", "..\0306231316_DoMinhNhat_Bai11\0306231316_DoMinhNhat_Bai11.csproj", "{900AE042-F25E-4647-8FF6-8BF7B721D206}"
EndProject
Project("{9A19103F-16F7-4668-BE54-9A1E7A4F7556}") = "0306231316_DoMinhNhat_Bai12", "..\0306231316_DoMinhNhat_Bai12\0306231316_DoMinhNhat_Bai12.csproj", "{5E0004E1-3B7A-408D-B4B9-8FC4E091A407}"
EndProject
Project("{9A19103F-16F7-4668-BE54-9A1E7A4F7556}") = "0306231316_DoMinhNhat_Bai13", "..\0306231316_DoMinhNhat_Bai13\0306231316_DoMinhNhat_Bai13.csproj", "{6BA38355-3AAA-424A-81A4-00F321F1AE27}"
EndProject
Project("{9A19103F-16F7-4668-BE54-9A1E7A4F7556}") = "0306231316_DoMinhNhat_Bai14", "..\0306231316_DoMinhNhat_Bai14\0306231316_DoMinhNhat_Bai14.csproj", "{7ABD1AFF-7A02-417C-AD15-67AC4E28C80C}"
EndProject
Project("{FAE04EC0-301F-11D3-BF4B-00C04F79EFBC}") = "0306231316_DoMinhNhat_Bai15", "..\0306231316_DoMinhNhat_Bai15\0306231316_DoMinhNhat_Bai15.csproj", "{AC9ACCAB-4CC0-4F59-9F26-842997DAEA22}"
EndProject
Project("{FAE04EC0-301F-11D3-BF4B-00C04F79EFBC}") = "0306231316_DoMinhNhat_Bai16", "..\0306231316_DoMinhNhat_Bai16\0306231316_DoMinhNhat_Bai16.csproj", "{166C2825-D457-45CC-A23D-A56042A5F937}"
EndProject
Project("{FAE04EC0-301F-11D3-BF4B-00C04F79EFBC}") = "0306231316_DoMinhNhat_Bai17", "..\0306231316_DoMinhNhat_Bai17\0306231316_DoMinhNhat_Bai17.csproj", "{9F362885-2935-4592-AE62-C5DAC042A185}"
EndProject
Project("{FAE04EC0-301F-11D3-BF4B-00C04F79EFBC}") = "0306231316_DoMinhNhat_Bai18", "..\0306231316_DoMinhNhat_Bai18\0306231316_DoMinhNhat_Bai18.csproj", "{E4D29AC8-F4E6-4906-B07C-221F83636122}"
EndProject
Project("{FAE04EC0-301F-11D3-BF4B-00C04F79EFBC}") = "0306231316_DoMinhNhat_Bai19", "..\0306231316_DoMinhNhat_Bai19\0306231316_DoMinhNhat_Bai19.csproj", "{071A5F9B-FF55-4B74-85D8-A736D5B77338}"
EndProject
Project("{FAE04EC0-301F-11D3-BF4B-00C04F79EFBC}") = "0306231316_DoMinhNhat_Bai20", "..\0306231316_DoMinhNhat_Bai20\0306231316_DoMinhNhat_Bai20.csproj", "{9CFC05C7-576A-437E-AC99-C734AB372374}"
EndProject
Project("{FAE04EC0-301F-11D3-BF4B-00C04F79EFBC}") = "0306231316_DoMinhNhat_Bai21", "..\0306231316_DoMinhNhat_Bai21\0306231316_DoMinhNhat_Bai21.csproj", "{CA1BB830-DDB1-4200-A867-32263C18BD15}"
EndProject
Project("{FAE04EC0-301F-11D3-BF4B-00C04F79EFBC}") = "0306231316_DoMinhNhat_Bai22", "..\0306231316_DoMinhNhat_Bai22\0306231316_DoMinhNhat_Bai22.csproj", "{8A7A862B-26FE-450F-B2BD-13EC65CDF66E}"
EndProject
Project("{FAE04EC0-301F-11D3-BF4B-00C04F79EFBC}") = "0306231316_DoMinhNhat_Bai23", "..\0306231316_DoMinhNhat_Bai23\0306231316_DoMinhNhat_Bai23.csproj", "{B4DDFB88-24D4-4A13-9C28-728367935C19}"
EndProject
Global
	GlobalSection(SolutionConfigurationPlatforms) = preSolution
		Debug|Any CPU = Debug|Any CPU
		Release|Any CPU = Release|Any CPU
	EndGlobalSection
	GlobalSection(ProjectConfigurationPlatforms) = postSolution
		{6A0C795E-E9C1-46DB-BC3B-A62B20EB139C}.Debug|Any CPU.ActiveCfg = Debug|Any CPU
		{6A0C795E-E9C1-46DB-BC3B-A62B20EB139C}.Debug|Any CPU.Build.0 = Debug|Any CPU
		{6A0C795E-E9C1-46DB-BC3B-A62B20EB139C}.Release|Any CPU.ActiveCfg = Release|Any CPU
		{6A0C795E-E9C1-46DB-BC3B-A62B20EB139C}.Release|Any CPU.Build.0 = Release|Any CPU
		{43B1734E-BB62-4066-B07F-CFA4AF5C76D3}.Debug|Any CPU.ActiveCfg = Debug|Any CPU
		{43B1734E-BB62-4066-B07F-CFA4AF5C76D3}.Debug|Any CPU.Build.0 = Debug|Any CPU
		{43B1734E-BB62-4066-B07F-CFA4AF5C76D3}.Release|Any CPU.ActiveCfg = Release|Any CPU
		{43B1734E-BB62-4066-B07F-CFA4AF5C76D3}.Release|Any CPU.Build.0 = Release|Any CPU
		{769A634A-2840-4998-B879-2102728DFFA5}.Debug|Any CPU.ActiveCfg = Debug|Any CPU
		{769A634A-2840-4998-B879-2102728DFFA5}.Debug|Any CPU.Build.0 = Debug|Any CPU
		{769A634A-2840-4998-B879-2102728DFFA5}.Release|Any CPU.ActiveCfg = Release|Any CPU
		{769A634A-2840-4998-B879-2102728DFFA5}.Release|Any CPU.Build.0 = Release|Any CPU
		{015B1B50-66F1-4BD1-9150-53B09786FEC8}.Debug|Any CPU.ActiveCfg = Debug|Any CPU
		{015B1B50-66F1-4BD1-9150-53B09786FEC8}.Debug|Any CPU.Build.0 = Debug|Any CPU
		{015B1B50-66F1-4BD1-9150-53B09786FEC8}.Release|Any CPU.ActiveCfg = Release|Any CPU
		{015B1B50-66F1-4BD1-9150-53B09786FEC8}.Release|Any CPU.Build.0 = Release|Any CPU
		{04F4E276-BD0F-492E-80BF-34FBA1606551}.Debug|Any CPU.ActiveCfg = Debug|Any CPU
		{04F4E276-BD0F-492E-80BF-34FBA1606551}.Debug|Any CPU.Build.0 = Debug|Any CPU
		{04F4E276-BD0F-492E-80BF-34FBA1606551}.Release|Any CPU.ActiveCfg = Release|Any CPU
		{04F4E276-BD0F-492E-80BF-34FBA1606551}.Release|Any CPU.Build.0 = Release|Any CPU
		{B6C02DBD-FD0B-4689-AA10-C048453999A1}.Debug|Any CPU.ActiveCfg = Debug|Any CPU
		{B6C02DBD-FD0B-4689-AA10-C048453999A1}.Debug|Any CPU.Build.0 = Debug|Any CPU
		{B6C02DBD-FD0B-4689-AA10-C048453999A1}.Release|Any CPU.ActiveCfg = Release|Any CPU
		{B6C02DBD-FD0B-4689-AA10-C048453999A1}.Release|Any CPU.Build.0 = Release|Any CPU
		{2C53D42B-244C-46DB-8BFB-93BC6577EBE8}.Debug|Any CPU.ActiveCfg = Debug|Any CPU
		{2C53D42B-244C-46DB-8BFB-93BC6577EBE8}.Debug|Any CPU.Build.0 = Debug|Any CPU
		{2C53D42B-244C-46DB-8BFB-93BC6577EBE8}.Release|Any CPU.ActiveCfg = Release|Any CPU
		{2C53D42B-244C-46DB-8BFB-93BC6577EBE8}.Release|Any CPU.Build.0 = Release|Any CPU
		{50F60340-AB12-45DF-99C5-97B0D7E39493}.Debug|Any CPU.ActiveCfg = Debug|Any CPU
		{50F60340-AB12-45DF-99C5-97B0D7E39493}.Debug|Any CPU.Build.0 = Debug|Any CPU
		{50F60340-AB12-45DF-99C5-97B0D7E39493}.Release|Any CPU.ActiveCfg = Release|Any CPU
		{50F60340-AB12-45DF-99C5-97B0D7E39493}.Release|Any CPU.Build.0 = Release|Any CPU
		{5BAE6817-8D95-434D-8F6A-F3012B2A44B4}.Debug|Any CPU.ActiveCfg = Debug|Any CPU
		{5BAE6817-8D95-434D-8F6A-F3012B2A44B4}.Debug|Any CPU.Build.0 = Debug|Any CPU
		{5BAE6817-8D95-434D-8F6A-F3012B2A44B4}.Release|Any CPU.ActiveCfg = Release|Any CPU
		{5BAE6817-8D95-434D-8F6A-F3012B2A44B4}.Release|Any CPU.Build.0 = Release|Any CPU
		{9605545A-3438-4E10-B542-5AC3A37D415C}.Debug|Any CPU.ActiveCfg = Debug|Any CPU
		{9605545A-3438-4E10-B542-5AC3A37D415C}.Debug|Any CPU.Build.0 = Debug|Any CPU
		{9605545A-3438-4E10-B542-5AC3A37D415C}.Release|Any CPU.ActiveCfg = Release|Any CPU
		{9605545A-3438-4E10-B542-5AC3A37D415C}.Release|Any CPU.Build.0 = Release|Any CPU
		{900AE042-F25E-4647-8FF6-8BF7B721D206}.Debug|Any CPU.ActiveCfg = Debug|Any CPU
		{900AE042-F25E-4647-8FF6-8BF7B721D206}.Debug|Any CPU.Build.0 = Debug|Any CPU
		{900AE042-F25E-4647-8FF6-8BF7B721D206}.Release|Any CPU.ActiveCfg = Release|Any CPU
		{900AE042-F25E-4647-8FF6-8BF7B721D206}.Release|Any CPU.Build.0 = Release|Any CPU
		{5E0004E1-3B7A-408D-B4B9-8FC4E091A407}.Debug|Any CPU.ActiveCfg = Debug|Any CPU
		{5E0004E1-3B7A-408D-B4B9-8FC4E091A407}.Debug|Any CPU.Build.0 = Debug|Any CPU
		{5E0004E1-3B7A-408D-B4B9-8FC4E091A407}.Release|Any CPU.ActiveCfg = Release|Any CPU
		{5E0004E1-3B7A-408D-B4B9-8FC4E091A407}.Release|Any CPU.Build.0 = Release|Any CPU
		{6BA38355-3AAA-424A-81A4-00F321F1AE27}.Debug|Any CPU.ActiveCfg = Debug|Any CPU
		{6BA38355-3AAA-424A-81A4-00F321F1AE27}.Debug|Any CPU.Build.0 = Debug|Any CPU
		{6BA38355-3AAA-424A-81A4-00F321F1AE27}.Release|Any CPU.ActiveCfg = Release|Any CPU
		{6BA38355-3AAA-424A-81A4-00F321F1AE27}.Release|Any CPU.Build.0 = Release|Any CPU
		{7ABD1AFF-7A02-417C-AD15-67AC4E28C80C}.Debug|Any CPU.ActiveCfg = Debug|Any CPU
		{7ABD1AFF-7A02-417C-AD15-67AC4E28C80C}.Debug|Any CPU.Build.0 = Debug|Any CPU
		{7ABD1AFF-7A02-417C-AD15-67AC4E28C80C}.Release|Any CPU.ActiveCfg = Release|Any CPU
		{7ABD1AFF-7A02-417C-AD15-67AC4E28C80C}.Release|Any CPU.Build.0 = Release|Any CPU
		{AC9ACCAB-4CC0-4F59-9F26-842997DAEA22}.Debug|Any CPU.ActiveCfg = Debug|Any CPU
		{AC9ACCAB-4CC0-4F59-9F26-842997DAEA22}.Debug|Any CPU.Build.0 = Debug|Any CPU
		{AC9ACCAB-4CC0-4F59-9F26-842997DAEA22}.Release|Any CPU.ActiveCfg = Release|Any CPU
		{AC9ACCAB-4CC0-4F59-9F26-842997DAEA22}.Release|Any CPU.Build.0 = Release|Any CPU
		{166C2825-D457-45CC-A23D-A56042A5F937}.Debug|Any CPU.ActiveCfg = Debug|Any CPU
		{166C2825-D457-45CC-A23D-A56042A5F937}.Debug|Any CPU.Build.0 = Debug|Any CPU
		{166C2825-D457-45CC-A23D-A56042A5F937}.Release|Any CPU.ActiveCfg = Release|Any CPU
		{166C2825-D457-45CC-A23D-A56042A5F937}.Release|Any CPU.Build.0 = Release|Any CPU
		{9F362885-2935-4592-AE62-C5DAC042A185}.Debug|Any CPU.ActiveCfg = Debug|Any CPU
		{9F362885-2935-4592-AE62-C5DAC042A185}.Debug|Any CPU.Build.0 = Debug|Any CPU
		{9F362885-2935-4592-AE62-C5DAC042A185}.Release|Any CPU.ActiveCfg = Release|Any CPU
		{9F362885-2935-4592-AE62-C5DAC042A185}.Release|Any CPU.Build.0 = Release|Any CPU
		{E4D29AC8-F4E6-4906-B07C-221F83636122}.Debug|Any CPU.ActiveCfg = Debug|Any CPU
		{E4D29AC8-F4E6-4906-B07C-221F83636122}.Debug|Any CPU.Build.0 = Debug|Any CPU
		{E4D29AC8-F4E6-4906-B07C-221F83636122}.Release|Any CPU.ActiveCfg = Release|Any CPU
		{E4D29AC8-F4E6-4906-B07C-221F83636122}.Release|Any CPU.Build.0 = Release|Any CPU
		{071A5F9B-FF55-4B74-85D8-A736D5B77338}.Debug|Any CPU.ActiveCfg = Debug|Any CPU
		{071A5F9B-FF55-4B74-85D8-A736D5B77338}.Debug|Any CPU.Build.0 = Debug|Any CPU
		{071A5F9B-FF55-4B74-85D8-A736D5B77338}.Release|Any CPU.ActiveCfg = Release|Any CPU
		{071A5F9B-FF55-4B74-85D8-A736D5B77338}.Release|Any CPU.Build.0 = Release|Any CPU
		{9CFC05C7-576A-437E-AC99-C734AB372374}.Debug|Any CPU.ActiveCfg = Debug|Any CPU
		{9CFC05C7-576A-437E-AC99-C734AB372374}.Debug|Any CPU.Build.0 = Debug|Any CPU
		{9CFC05C7-576A-437E-AC99-C734AB372374}.Release|Any CPU.ActiveCfg = Release|Any CPU
		{9CFC05C7-576A-437E-AC99-C734AB372374}.Release|Any CPU.Build.0 = Release|Any CPU
		{CA1BB830-DDB1-4200-A867-32263C18BD15}.Debug|Any CPU.ActiveCfg = Debug|Any CPU
		{CA1BB830-DDB1-4200-A867-32263C18BD15}.Debug|Any CPU.Build.0 = Debug|Any CPU
		{CA1BB830-DDB1-4200-A867-32263C18BD15}.Release|Any CPU.ActiveCfg = Release|Any CPU
		{CA1BB830-DDB1-4200-A867-32263C18BD15}.Release|Any CPU.Build.0 = Release|Any CPU
		{8A7A862B-26FE-450F-B2BD-13EC65CDF66E}.Debug|Any CPU.ActiveCfg = Debug|Any CPU
		{8A7A862B-26FE-450F-B2BD-13EC65CDF66E}.Debug|Any CPU.Build.0 = Debug|Any CPU
		{8A7A862B-26FE-450F-B2BD-13EC65CDF66E}.Release|Any CPU.ActiveCfg = Release|Any CPU
		{8A7A862B-26FE-450F-B2BD-13EC65CDF66E}.Release|Any CPU.Build.0 = Release|Any CPU
		{B4DDFB88-24D4-4A13-9C28-728367935C19}.Debug|Any CPU.ActiveCfg = Debug|Any CPU
		{B4DDFB88-24D4-4A13-9C28-728367935C19}.Debug|Any CPU.Build.0 = Debug|Any CPU
		{B4DDFB88-24D4-4A13-9C28-728367935C19}.Release|Any CPU.ActiveCfg = Release|Any CPU
		{B4DDFB88-24D4-4A13-9C28-728367935C19}.Release|Any CPU.Build.0 = Release|Any CPU
	EndGlobalSection
	GlobalSection(SolutionProperties) = preSolution
		HideSolutionNode = FALSE
	EndGlobalSection
	GlobalSection(ExtensibilityGlobals) = postSolution
		SolutionGuid = {683A1489-DF6C-40DF-B7DD-830A69693514}
	EndGlobalSection
EndGlobal
