
Microsoft Visual Studio Solution File, Format Version 12.00
# Visual Studio Version 17
VisualStudioVersion = 17.10.35027.167
MinimumVisualStudioVersion = 10.0.40219.1
Project("{8BC9CEB8-8B4A-11D0-8D11-00A0C91BC942}") = "VD 1", "VD 1\VD 1.vcxproj", "{B2997DF5-CD90-4A23-B2E1-1004F8AFC54B}"
EndProject
Project("{8BC9CEB8-8B4A-11D0-8D11-00A0C91BC942}") = "VD 2", "VD 2\VD 2.vcxproj", "{4F4BF2EA-4F9A-402B-A530-CE960C43751A}"
EndProject
Project("{8BC9CEB8-8B4A-11D0-8D11-00A0C91BC942}") = "Bài 1", "Bài 1\Bài 1.vcxproj", "{17268BEF-A598-4B32-B350-D4B5B4AE1504}"
EndProject
Project("{8BC9CEB8-8B4A-11D0-8D11-00A0C91BC942}") = "Bài 2", "Bài 2\Bài 2.vcxproj", "{31E6B2A2-EA12-4793-9853-D94462DA4187}"
EndProject
Project("{8BC9CEB8-8B4A-11D0-8D11-00A0C91BC942}") = "Bài 3", "Bài 3\Bài 3.vcxproj", "{4F6E97EC-9E4C-4B82-A385-A945E92FC84E}"
EndProject
Project("{8BC9CEB8-8B4A-11D0-8D11-00A0C91BC942}") = "Bài 4", "Bài 4\Bài 4.vcxproj", "{7DE699E7-03A1-4853-AAB5-0FB90717876B}"
EndProject
Project("{8BC9CEB8-8B4A-11D0-8D11-00A0C91BC942}") = "Bài 5", "Bài 5\Bài 5.vcxproj", "{2D762ACF-75E2-42A2-A21E-67AE1B6079D1}"
EndProject
Project("{8BC9CEB8-8B4A-11D0-8D11-00A0C91BC942}") = "Bài 6", "Bài 6\Bài 6.vcxproj", "{1467EA93-ED3A-43BA-AFDA-E67E20B2A81A}"
EndProject
Project("{8BC9CEB8-8B4A-11D0-8D11-00A0C91BC942}") = "Bài 7", "Bài 7\Bài 7.vcxproj", "{37534A71-3165-4C58-A3B5-80D39FD58A3A}"
EndProject
Project("{8BC9CEB8-8B4A-11D0-8D11-00A0C91BC942}") = "Bài 8", "Bài 8\Bài 8.vcxproj", "{341BBFEC-DC54-4DB6-97AE-8438D5DBA936}"
EndProject
Project("{8BC9CEB8-8B4A-11D0-8D11-00A0C91BC942}") = "Bài 9", "Bài 9\Bài 9.vcxproj", "{DF36CE02-F069-432E-B696-7A9F1341E6A9}"
EndProject
Project("{8BC9CEB8-8B4A-11D0-8D11-00A0C91BC942}") = "Bài 10", "Bài 10\Bài 10.vcxproj", "{E4D57906-44D6-49F5-BA88-39C677C0ACBD}"
EndProject
Project("{8BC9CEB8-8B4A-11D0-8D11-00A0C91BC942}") = "Bài 11", "Bài 11\Bài 11.vcxproj", "{49A73890-ABA0-4DA5-90F6-BD81AA351FD8}"
EndProject
Project("{8BC9CEB8-8B4A-11D0-8D11-00A0C91BC942}") = "Bài 12", "Bài 12\Bài 12.vcxproj", "{1DFFB5D8-A558-49B1-9FE6-1A80594E304D}"
EndProject
Project("{8BC9CEB8-8B4A-11D0-8D11-00A0C91BC942}") = "Bài 13", "Bài 13\Bài 13.vcxproj", "{5479E25B-C3A1-4BF2-9332-1EA9BF555165}"
EndProject
Project("{8BC9CEB8-8B4A-11D0-8D11-00A0C91BC942}") = "Bài 14", "Bài 14\Bài 14.vcxproj", "{8C7C9E28-2617-4F63-8193-F7B5734ADF10}"
EndProject
Project("{8BC9CEB8-8B4A-11D0-8D11-00A0C91BC942}") = "Bài 15", "Bài 15\Bài 15.vcxproj", "{02D2F27E-15AE-40F5-8B4B-8E4997683B34}"
EndProject
Project("{8BC9CEB8-8B4A-11D0-8D11-00A0C91BC942}") = "Bài 16", "Bài 16\Bài 16.vcxproj", "{7EBA121D-5C42-45F2-81B5-74EDD82D9459}"
EndProject
Project("{8BC9CEB8-8B4A-11D0-8D11-00A0C91BC942}") = "Bài 17", "Bài 17\Bài 17.vcxproj", "{BCBC6EDE-13D4-4F90-8E1F-0FE5169AFA57}"
EndProject
Project("{8BC9CEB8-8B4A-11D0-8D11-00A0C91BC942}") = "Bài 18", "Bài 18\Bài 18.vcxproj", "{04CF5548-D266-45CE-8ECC-CA2822AD6BAA}"
EndProject
Project("{8BC9CEB8-8B4A-11D0-8D11-00A0C91BC942}") = "Bài 19", "Bài 19\Bài 19.vcxproj", "{E6195023-8A8D-44BF-9902-F3FA1B785976}"
EndProject
Project("{8BC9CEB8-8B4A-11D0-8D11-00A0C91BC942}") = "Bài 20", "Bài 20\Bài 20.vcxproj", "{35AA9F64-F489-49FC-967B-7C461F9849BD}"
EndProject
Project("{8BC9CEB8-8B4A-11D0-8D11-00A0C91BC942}") = "Bài 21", "Bài 21\Bài 21.vcxproj", "{3C0A5C4A-614E-4B8C-ACAC-107E9B5AF675}"
EndProject
Project("{8BC9CEB8-8B4A-11D0-8D11-00A0C91BC942}") = "Bài 22", "Bài 22\Bài 22.vcxproj", "{747CAC0B-62D9-4DC4-A270-31945A2DB4DC}"
EndProject
Project("{8BC9CEB8-8B4A-11D0-8D11-00A0C91BC942}") = "Bài 23", "Bài 23\Bài 23.vcxproj", "{E23B4D8C-533B-47A0-B9A7-400DF00BB5A8}"
EndProject
Project("{8BC9CEB8-8B4A-11D0-8D11-00A0C91BC942}") = "Bài 24", "Bài 24\Bài 24.vcxproj", "{92233E7C-9DEA-4C0A-AE20-A18F08F8F51A}"
EndProject
Global
	GlobalSection(SolutionConfigurationPlatforms) = preSolution
		Debug|x64 = Debug|x64
		Debug|x86 = Debug|x86
		Release|x64 = Release|x64
		Release|x86 = Release|x86
	EndGlobalSection
	GlobalSection(ProjectConfigurationPlatforms) = postSolution
		{B2997DF5-CD90-4A23-B2E1-1004F8AFC54B}.Debug|x64.ActiveCfg = Debug|x64
		{B2997DF5-CD90-4A23-B2E1-1004F8AFC54B}.Debug|x64.Build.0 = Debug|x64
		{B2997DF5-CD90-4A23-B2E1-1004F8AFC54B}.Debug|x86.ActiveCfg = Debug|Win32
		{B2997DF5-CD90-4A23-B2E1-1004F8AFC54B}.Debug|x86.Build.0 = Debug|Win32
		{B2997DF5-CD90-4A23-B2E1-1004F8AFC54B}.Release|x64.ActiveCfg = Release|x64
		{B2997DF5-CD90-4A23-B2E1-1004F8AFC54B}.Release|x64.Build.0 = Release|x64
		{B2997DF5-CD90-4A23-B2E1-1004F8AFC54B}.Release|x86.ActiveCfg = Release|Win32
		{B2997DF5-CD90-4A23-B2E1-1004F8AFC54B}.Release|x86.Build.0 = Release|Win32
		{4F4BF2EA-4F9A-402B-A530-CE960C43751A}.Debug|x64.ActiveCfg = Debug|x64
		{4F4BF2EA-4F9A-402B-A530-CE960C43751A}.Debug|x64.Build.0 = Debug|x64
		{4F4BF2EA-4F9A-402B-A530-CE960C43751A}.Debug|x86.ActiveCfg = Debug|Win32
		{4F4BF2EA-4F9A-402B-A530-CE960C43751A}.Debug|x86.Build.0 = Debug|Win32
		{4F4BF2EA-4F9A-402B-A530-CE960C43751A}.Release|x64.ActiveCfg = Release|x64
		{4F4BF2EA-4F9A-402B-A530-CE960C43751A}.Release|x64.Build.0 = Release|x64
		{4F4BF2EA-4F9A-402B-A530-CE960C43751A}.Release|x86.ActiveCfg = Release|Win32
		{4F4BF2EA-4F9A-402B-A530-CE960C43751A}.Release|x86.Build.0 = Release|Win32
		{17268BEF-A598-4B32-B350-D4B5B4AE1504}.Debug|x64.ActiveCfg = Debug|x64
		{17268BEF-A598-4B32-B350-D4B5B4AE1504}.Debug|x64.Build.0 = Debug|x64
		{17268BEF-A598-4B32-B350-D4B5B4AE1504}.Debug|x86.ActiveCfg = Debug|Win32
		{17268BEF-A598-4B32-B350-D4B5B4AE1504}.Debug|x86.Build.0 = Debug|Win32
		{17268BEF-A598-4B32-B350-D4B5B4AE1504}.Release|x64.ActiveCfg = Release|x64
		{17268BEF-A598-4B32-B350-D4B5B4AE1504}.Release|x64.Build.0 = Release|x64
		{17268BEF-A598-4B32-B350-D4B5B4AE1504}.Release|x86.ActiveCfg = Release|Win32
		{17268BEF-A598-4B32-B350-D4B5B4AE1504}.Release|x86.Build.0 = Release|Win32
		{31E6B2A2-EA12-4793-9853-D94462DA4187}.Debug|x64.ActiveCfg = Debug|x64
		{31E6B2A2-EA12-4793-9853-D94462DA4187}.Debug|x64.Build.0 = Debug|x64
		{31E6B2A2-EA12-4793-9853-D94462DA4187}.Debug|x86.ActiveCfg = Debug|Win32
		{31E6B2A2-EA12-4793-9853-D94462DA4187}.Debug|x86.Build.0 = Debug|Win32
		{31E6B2A2-EA12-4793-9853-D94462DA4187}.Release|x64.ActiveCfg = Release|x64
		{31E6B2A2-EA12-4793-9853-D94462DA4187}.Release|x64.Build.0 = Release|x64
		{31E6B2A2-EA12-4793-9853-D94462DA4187}.Release|x86.ActiveCfg = Release|Win32
		{31E6B2A2-EA12-4793-9853-D94462DA4187}.Release|x86.Build.0 = Release|Win32
		{4F6E97EC-9E4C-4B82-A385-A945E92FC84E}.Debug|x64.ActiveCfg = Debug|x64
		{4F6E97EC-9E4C-4B82-A385-A945E92FC84E}.Debug|x64.Build.0 = Debug|x64
		{4F6E97EC-9E4C-4B82-A385-A945E92FC84E}.Debug|x86.ActiveCfg = Debug|Win32
		{4F6E97EC-9E4C-4B82-A385-A945E92FC84E}.Debug|x86.Build.0 = Debug|Win32
		{4F6E97EC-9E4C-4B82-A385-A945E92FC84E}.Release|x64.ActiveCfg = Release|x64
		{4F6E97EC-9E4C-4B82-A385-A945E92FC84E}.Release|x64.Build.0 = Release|x64
		{4F6E97EC-9E4C-4B82-A385-A945E92FC84E}.Release|x86.ActiveCfg = Release|Win32
		{4F6E97EC-9E4C-4B82-A385-A945E92FC84E}.Release|x86.Build.0 = Release|Win32
		{7DE699E7-03A1-4853-AAB5-0FB90717876B}.Debug|x64.ActiveCfg = Debug|x64
		{7DE699E7-03A1-4853-AAB5-0FB90717876B}.Debug|x64.Build.0 = Debug|x64
		{7DE699E7-03A1-4853-AAB5-0FB90717876B}.Debug|x86.ActiveCfg = Debug|Win32
		{7DE699E7-03A1-4853-AAB5-0FB90717876B}.Debug|x86.Build.0 = Debug|Win32
		{7DE699E7-03A1-4853-AAB5-0FB90717876B}.Release|x64.ActiveCfg = Release|x64
		{7DE699E7-03A1-4853-AAB5-0FB90717876B}.Release|x64.Build.0 = Release|x64
		{7DE699E7-03A1-4853-AAB5-0FB90717876B}.Release|x86.ActiveCfg = Release|Win32
		{7DE699E7-03A1-4853-AAB5-0FB90717876B}.Release|x86.Build.0 = Release|Win32
		{2D762ACF-75E2-42A2-A21E-67AE1B6079D1}.Debug|x64.ActiveCfg = Debug|x64
		{2D762ACF-75E2-42A2-A21E-67AE1B6079D1}.Debug|x64.Build.0 = Debug|x64
		{2D762ACF-75E2-42A2-A21E-67AE1B6079D1}.Debug|x86.ActiveCfg = Debug|Win32
		{2D762ACF-75E2-42A2-A21E-67AE1B6079D1}.Debug|x86.Build.0 = Debug|Win32
		{2D762ACF-75E2-42A2-A21E-67AE1B6079D1}.Release|x64.ActiveCfg = Release|x64
		{2D762ACF-75E2-42A2-A21E-67AE1B6079D1}.Release|x64.Build.0 = Release|x64
		{2D762ACF-75E2-42A2-A21E-67AE1B6079D1}.Release|x86.ActiveCfg = Release|Win32
		{2D762ACF-75E2-42A2-A21E-67AE1B6079D1}.Release|x86.Build.0 = Release|Win32
		{1467EA93-ED3A-43BA-AFDA-E67E20B2A81A}.Debug|x64.ActiveCfg = Debug|x64
		{1467EA93-ED3A-43BA-AFDA-E67E20B2A81A}.Debug|x64.Build.0 = Debug|x64
		{1467EA93-ED3A-43BA-AFDA-E67E20B2A81A}.Debug|x86.ActiveCfg = Debug|Win32
		{1467EA93-ED3A-43BA-AFDA-E67E20B2A81A}.Debug|x86.Build.0 = Debug|Win32
		{1467EA93-ED3A-43BA-AFDA-E67E20B2A81A}.Release|x64.ActiveCfg = Release|x64
		{1467EA93-ED3A-43BA-AFDA-E67E20B2A81A}.Release|x64.Build.0 = Release|x64
		{1467EA93-ED3A-43BA-AFDA-E67E20B2A81A}.Release|x86.ActiveCfg = Release|Win32
		{1467EA93-ED3A-43BA-AFDA-E67E20B2A81A}.Release|x86.Build.0 = Release|Win32
		{37534A71-3165-4C58-A3B5-80D39FD58A3A}.Debug|x64.ActiveCfg = Debug|x64
		{37534A71-3165-4C58-A3B5-80D39FD58A3A}.Debug|x64.Build.0 = Debug|x64
		{37534A71-3165-4C58-A3B5-80D39FD58A3A}.Debug|x86.ActiveCfg = Debug|Win32
		{37534A71-3165-4C58-A3B5-80D39FD58A3A}.Debug|x86.Build.0 = Debug|Win32
		{37534A71-3165-4C58-A3B5-80D39FD58A3A}.Release|x64.ActiveCfg = Release|x64
		{37534A71-3165-4C58-A3B5-80D39FD58A3A}.Release|x64.Build.0 = Release|x64
		{37534A71-3165-4C58-A3B5-80D39FD58A3A}.Release|x86.ActiveCfg = Release|Win32
		{37534A71-3165-4C58-A3B5-80D39FD58A3A}.Release|x86.Build.0 = Release|Win32
		{341BBFEC-DC54-4DB6-97AE-8438D5DBA936}.Debug|x64.ActiveCfg = Debug|x64
		{341BBFEC-DC54-4DB6-97AE-8438D5DBA936}.Debug|x64.Build.0 = Debug|x64
		{341BBFEC-DC54-4DB6-97AE-8438D5DBA936}.Debug|x86.ActiveCfg = Debug|Win32
		{341BBFEC-DC54-4DB6-97AE-8438D5DBA936}.Debug|x86.Build.0 = Debug|Win32
		{341BBFEC-DC54-4DB6-97AE-8438D5DBA936}.Release|x64.ActiveCfg = Release|x64
		{341BBFEC-DC54-4DB6-97AE-8438D5DBA936}.Release|x64.Build.0 = Release|x64
		{341BBFEC-DC54-4DB6-97AE-8438D5DBA936}.Release|x86.ActiveCfg = Release|Win32
		{341BBFEC-DC54-4DB6-97AE-8438D5DBA936}.Release|x86.Build.0 = Release|Win32
		{DF36CE02-F069-432E-B696-7A9F1341E6A9}.Debug|x64.ActiveCfg = Debug|x64
		{DF36CE02-F069-432E-B696-7A9F1341E6A9}.Debug|x64.Build.0 = Debug|x64
		{DF36CE02-F069-432E-B696-7A9F1341E6A9}.Debug|x86.ActiveCfg = Debug|Win32
		{DF36CE02-F069-432E-B696-7A9F1341E6A9}.Debug|x86.Build.0 = Debug|Win32
		{DF36CE02-F069-432E-B696-7A9F1341E6A9}.Release|x64.ActiveCfg = Release|x64
		{DF36CE02-F069-432E-B696-7A9F1341E6A9}.Release|x64.Build.0 = Release|x64
		{DF36CE02-F069-432E-B696-7A9F1341E6A9}.Release|x86.ActiveCfg = Release|Win32
		{DF36CE02-F069-432E-B696-7A9F1341E6A9}.Release|x86.Build.0 = Release|Win32
		{E4D57906-44D6-49F5-BA88-39C677C0ACBD}.Debug|x64.ActiveCfg = Debug|x64
		{E4D57906-44D6-49F5-BA88-39C677C0ACBD}.Debug|x64.Build.0 = Debug|x64
		{E4D57906-44D6-49F5-BA88-39C677C0ACBD}.Debug|x86.ActiveCfg = Debug|Win32
		{E4D57906-44D6-49F5-BA88-39C677C0ACBD}.Debug|x86.Build.0 = Debug|Win32
		{E4D57906-44D6-49F5-BA88-39C677C0ACBD}.Release|x64.ActiveCfg = Release|x64
		{E4D57906-44D6-49F5-BA88-39C677C0ACBD}.Release|x64.Build.0 = Release|x64
		{E4D57906-44D6-49F5-BA88-39C677C0ACBD}.Release|x86.ActiveCfg = Release|Win32
		{E4D57906-44D6-49F5-BA88-39C677C0ACBD}.Release|x86.Build.0 = Release|Win32
		{49A73890-ABA0-4DA5-90F6-BD81AA351FD8}.Debug|x64.ActiveCfg = Debug|x64
		{49A73890-ABA0-4DA5-90F6-BD81AA351FD8}.Debug|x64.Build.0 = Debug|x64
		{49A73890-ABA0-4DA5-90F6-BD81AA351FD8}.Debug|x86.ActiveCfg = Debug|Win32
		{49A73890-ABA0-4DA5-90F6-BD81AA351FD8}.Debug|x86.Build.0 = Debug|Win32
		{49A73890-ABA0-4DA5-90F6-BD81AA351FD8}.Release|x64.ActiveCfg = Release|x64
		{49A73890-ABA0-4DA5-90F6-BD81AA351FD8}.Release|x64.Build.0 = Release|x64
		{49A73890-ABA0-4DA5-90F6-BD81AA351FD8}.Release|x86.ActiveCfg = Release|Win32
		{49A73890-ABA0-4DA5-90F6-BD81AA351FD8}.Release|x86.Build.0 = Release|Win32
		{1DFFB5D8-A558-49B1-9FE6-1A80594E304D}.Debug|x64.ActiveCfg = Debug|x64
		{1DFFB5D8-A558-49B1-9FE6-1A80594E304D}.Debug|x64.Build.0 = Debug|x64
		{1DFFB5D8-A558-49B1-9FE6-1A80594E304D}.Debug|x86.ActiveCfg = Debug|Win32
		{1DFFB5D8-A558-49B1-9FE6-1A80594E304D}.Debug|x86.Build.0 = Debug|Win32
		{1DFFB5D8-A558-49B1-9FE6-1A80594E304D}.Release|x64.ActiveCfg = Release|x64
		{1DFFB5D8-A558-49B1-9FE6-1A80594E304D}.Release|x64.Build.0 = Release|x64
		{1DFFB5D8-A558-49B1-9FE6-1A80594E304D}.Release|x86.ActiveCfg = Release|Win32
		{1DFFB5D8-A558-49B1-9FE6-1A80594E304D}.Release|x86.Build.0 = Release|Win32
		{5479E25B-C3A1-4BF2-9332-1EA9BF555165}.Debug|x64.ActiveCfg = Debug|x64
		{5479E25B-C3A1-4BF2-9332-1EA9BF555165}.Debug|x64.Build.0 = Debug|x64
		{5479E25B-C3A1-4BF2-9332-1EA9BF555165}.Debug|x86.ActiveCfg = Debug|Win32
		{5479E25B-C3A1-4BF2-9332-1EA9BF555165}.Debug|x86.Build.0 = Debug|Win32
		{5479E25B-C3A1-4BF2-9332-1EA9BF555165}.Release|x64.ActiveCfg = Release|x64
		{5479E25B-C3A1-4BF2-9332-1EA9BF555165}.Release|x64.Build.0 = Release|x64
		{5479E25B-C3A1-4BF2-9332-1EA9BF555165}.Release|x86.ActiveCfg = Release|Win32
		{5479E25B-C3A1-4BF2-9332-1EA9BF555165}.Release|x86.Build.0 = Release|Win32
		{8C7C9E28-2617-4F63-8193-F7B5734ADF10}.Debug|x64.ActiveCfg = Debug|x64
		{8C7C9E28-2617-4F63-8193-F7B5734ADF10}.Debug|x64.Build.0 = Debug|x64
		{8C7C9E28-2617-4F63-8193-F7B5734ADF10}.Debug|x86.ActiveCfg = Debug|Win32
		{8C7C9E28-2617-4F63-8193-F7B5734ADF10}.Debug|x86.Build.0 = Debug|Win32
		{8C7C9E28-2617-4F63-8193-F7B5734ADF10}.Release|x64.ActiveCfg = Release|x64
		{8C7C9E28-2617-4F63-8193-F7B5734ADF10}.Release|x64.Build.0 = Release|x64
		{8C7C9E28-2617-4F63-8193-F7B5734ADF10}.Release|x86.ActiveCfg = Release|Win32
		{8C7C9E28-2617-4F63-8193-F7B5734ADF10}.Release|x86.Build.0 = Release|Win32
		{02D2F27E-15AE-40F5-8B4B-8E4997683B34}.Debug|x64.ActiveCfg = Debug|x64
		{02D2F27E-15AE-40F5-8B4B-8E4997683B34}.Debug|x64.Build.0 = Debug|x64
		{02D2F27E-15AE-40F5-8B4B-8E4997683B34}.Debug|x86.ActiveCfg = Debug|Win32
		{02D2F27E-15AE-40F5-8B4B-8E4997683B34}.Debug|x86.Build.0 = Debug|Win32
		{02D2F27E-15AE-40F5-8B4B-8E4997683B34}.Release|x64.ActiveCfg = Release|x64
		{02D2F27E-15AE-40F5-8B4B-8E4997683B34}.Release|x64.Build.0 = Release|x64
		{02D2F27E-15AE-40F5-8B4B-8E4997683B34}.Release|x86.ActiveCfg = Release|Win32
		{02D2F27E-15AE-40F5-8B4B-8E4997683B34}.Release|x86.Build.0 = Release|Win32
		{7EBA121D-5C42-45F2-81B5-74EDD82D9459}.Debug|x64.ActiveCfg = Debug|x64
		{7EBA121D-5C42-45F2-81B5-74EDD82D9459}.Debug|x64.Build.0 = Debug|x64
		{7EBA121D-5C42-45F2-81B5-74EDD82D9459}.Debug|x86.ActiveCfg = Debug|Win32
		{7EBA121D-5C42-45F2-81B5-74EDD82D9459}.Debug|x86.Build.0 = Debug|Win32
		{7EBA121D-5C42-45F2-81B5-74EDD82D9459}.Release|x64.ActiveCfg = Release|x64
		{7EBA121D-5C42-45F2-81B5-74EDD82D9459}.Release|x64.Build.0 = Release|x64
		{7EBA121D-5C42-45F2-81B5-74EDD82D9459}.Release|x86.ActiveCfg = Release|Win32
		{7EBA121D-5C42-45F2-81B5-74EDD82D9459}.Release|x86.Build.0 = Release|Win32
		{BCBC6EDE-13D4-4F90-8E1F-0FE5169AFA57}.Debug|x64.ActiveCfg = Debug|x64
		{BCBC6EDE-13D4-4F90-8E1F-0FE5169AFA57}.Debug|x64.Build.0 = Debug|x64
		{BCBC6EDE-13D4-4F90-8E1F-0FE5169AFA57}.Debug|x86.ActiveCfg = Debug|Win32
		{BCBC6EDE-13D4-4F90-8E1F-0FE5169AFA57}.Debug|x86.Build.0 = Debug|Win32
		{BCBC6EDE-13D4-4F90-8E1F-0FE5169AFA57}.Release|x64.ActiveCfg = Release|x64
		{BCBC6EDE-13D4-4F90-8E1F-0FE5169AFA57}.Release|x64.Build.0 = Release|x64
		{BCBC6EDE-13D4-4F90-8E1F-0FE5169AFA57}.Release|x86.ActiveCfg = Release|Win32
		{BCBC6EDE-13D4-4F90-8E1F-0FE5169AFA57}.Release|x86.Build.0 = Release|Win32
		{04CF5548-D266-45CE-8ECC-CA2822AD6BAA}.Debug|x64.ActiveCfg = Debug|x64
		{04CF5548-D266-45CE-8ECC-CA2822AD6BAA}.Debug|x64.Build.0 = Debug|x64
		{04CF5548-D266-45CE-8ECC-CA2822AD6BAA}.Debug|x86.ActiveCfg = Debug|Win32
		{04CF5548-D266-45CE-8ECC-CA2822AD6BAA}.Debug|x86.Build.0 = Debug|Win32
		{04CF5548-D266-45CE-8ECC-CA2822AD6BAA}.Release|x64.ActiveCfg = Release|x64
		{04CF5548-D266-45CE-8ECC-CA2822AD6BAA}.Release|x64.Build.0 = Release|x64
		{04CF5548-D266-45CE-8ECC-CA2822AD6BAA}.Release|x86.ActiveCfg = Release|Win32
		{04CF5548-D266-45CE-8ECC-CA2822AD6BAA}.Release|x86.Build.0 = Release|Win32
		{E6195023-8A8D-44BF-9902-F3FA1B785976}.Debug|x64.ActiveCfg = Debug|x64
		{E6195023-8A8D-44BF-9902-F3FA1B785976}.Debug|x64.Build.0 = Debug|x64
		{E6195023-8A8D-44BF-9902-F3FA1B785976}.Debug|x86.ActiveCfg = Debug|Win32
		{E6195023-8A8D-44BF-9902-F3FA1B785976}.Debug|x86.Build.0 = Debug|Win32
		{E6195023-8A8D-44BF-9902-F3FA1B785976}.Release|x64.ActiveCfg = Release|x64
		{E6195023-8A8D-44BF-9902-F3FA1B785976}.Release|x64.Build.0 = Release|x64
		{E6195023-8A8D-44BF-9902-F3FA1B785976}.Release|x86.ActiveCfg = Release|Win32
		{E6195023-8A8D-44BF-9902-F3FA1B785976}.Release|x86.Build.0 = Release|Win32
		{35AA9F64-F489-49FC-967B-7C461F9849BD}.Debug|x64.ActiveCfg = Debug|x64
		{35AA9F64-F489-49FC-967B-7C461F9849BD}.Debug|x64.Build.0 = Debug|x64
		{35AA9F64-F489-49FC-967B-7C461F9849BD}.Debug|x86.ActiveCfg = Debug|Win32
		{35AA9F64-F489-49FC-967B-7C461F9849BD}.Debug|x86.Build.0 = Debug|Win32
		{35AA9F64-F489-49FC-967B-7C461F9849BD}.Release|x64.ActiveCfg = Release|x64
		{35AA9F64-F489-49FC-967B-7C461F9849BD}.Release|x64.Build.0 = Release|x64
		{35AA9F64-F489-49FC-967B-7C461F9849BD}.Release|x86.ActiveCfg = Release|Win32
		{35AA9F64-F489-49FC-967B-7C461F9849BD}.Release|x86.Build.0 = Release|Win32
		{3C0A5C4A-614E-4B8C-ACAC-107E9B5AF675}.Debug|x64.ActiveCfg = Debug|x64
		{3C0A5C4A-614E-4B8C-ACAC-107E9B5AF675}.Debug|x64.Build.0 = Debug|x64
		{3C0A5C4A-614E-4B8C-ACAC-107E9B5AF675}.Debug|x86.ActiveCfg = Debug|Win32
		{3C0A5C4A-614E-4B8C-ACAC-107E9B5AF675}.Debug|x86.Build.0 = Debug|Win32
		{3C0A5C4A-614E-4B8C-ACAC-107E9B5AF675}.Release|x64.ActiveCfg = Release|x64
		{3C0A5C4A-614E-4B8C-ACAC-107E9B5AF675}.Release|x64.Build.0 = Release|x64
		{3C0A5C4A-614E-4B8C-ACAC-107E9B5AF675}.Release|x86.ActiveCfg = Release|Win32
		{3C0A5C4A-614E-4B8C-ACAC-107E9B5AF675}.Release|x86.Build.0 = Release|Win32
		{747CAC0B-62D9-4DC4-A270-31945A2DB4DC}.Debug|x64.ActiveCfg = Debug|x64
		{747CAC0B-62D9-4DC4-A270-31945A2DB4DC}.Debug|x64.Build.0 = Debug|x64
		{747CAC0B-62D9-4DC4-A270-31945A2DB4DC}.Debug|x86.ActiveCfg = Debug|Win32
		{747CAC0B-62D9-4DC4-A270-31945A2DB4DC}.Debug|x86.Build.0 = Debug|Win32
		{747CAC0B-62D9-4DC4-A270-31945A2DB4DC}.Release|x64.ActiveCfg = Release|x64
		{747CAC0B-62D9-4DC4-A270-31945A2DB4DC}.Release|x64.Build.0 = Release|x64
		{747CAC0B-62D9-4DC4-A270-31945A2DB4DC}.Release|x86.ActiveCfg = Release|Win32
		{747CAC0B-62D9-4DC4-A270-31945A2DB4DC}.Release|x86.Build.0 = Release|Win32
		{E23B4D8C-533B-47A0-B9A7-400DF00BB5A8}.Debug|x64.ActiveCfg = Debug|x64
		{E23B4D8C-533B-47A0-B9A7-400DF00BB5A8}.Debug|x64.Build.0 = Debug|x64
		{E23B4D8C-533B-47A0-B9A7-400DF00BB5A8}.Debug|x86.ActiveCfg = Debug|Win32
		{E23B4D8C-533B-47A0-B9A7-400DF00BB5A8}.Debug|x86.Build.0 = Debug|Win32
		{E23B4D8C-533B-47A0-B9A7-400DF00BB5A8}.Release|x64.ActiveCfg = Release|x64
		{E23B4D8C-533B-47A0-B9A7-400DF00BB5A8}.Release|x64.Build.0 = Release|x64
		{E23B4D8C-533B-47A0-B9A7-400DF00BB5A8}.Release|x86.ActiveCfg = Release|Win32
		{E23B4D8C-533B-47A0-B9A7-400DF00BB5A8}.Release|x86.Build.0 = Release|Win32
		{92233E7C-9DEA-4C0A-AE20-A18F08F8F51A}.Debug|x64.ActiveCfg = Debug|x64
		{92233E7C-9DEA-4C0A-AE20-A18F08F8F51A}.Debug|x64.Build.0 = Debug|x64
		{92233E7C-9DEA-4C0A-AE20-A18F08F8F51A}.Debug|x86.ActiveCfg = Debug|Win32
		{92233E7C-9DEA-4C0A-AE20-A18F08F8F51A}.Debug|x86.Build.0 = Debug|Win32
		{92233E7C-9DEA-4C0A-AE20-A18F08F8F51A}.Release|x64.ActiveCfg = Release|x64
		{92233E7C-9DEA-4C0A-AE20-A18F08F8F51A}.Release|x64.Build.0 = Release|x64
		{92233E7C-9DEA-4C0A-AE20-A18F08F8F51A}.Release|x86.ActiveCfg = Release|Win32
		{92233E7C-9DEA-4C0A-AE20-A18F08F8F51A}.Release|x86.Build.0 = Release|Win32
	EndGlobalSection
	GlobalSection(SolutionProperties) = preSolution
		HideSolutionNode = FALSE
	EndGlobalSection
	GlobalSection(ExtensibilityGlobals) = postSolution
		SolutionGuid = {F5992039-B92B-4DA1-9EAD-642D7E39CC94}
	EndGlobalSection
EndGlobal
