
Microsoft Visual Studio Solution File, Format Version 12.00
# Visual Studio Version 17
VisualStudioVersion = 17.7.34221.43
MinimumVisualStudioVersion = 10.0.40219.1
Project("{FAE04EC0-301F-11D3-BF4B-00C04F79EFBC}") = "0306231316_DoMinhNhat", "0306231316_DoMinhNhat\0306231316_DoMinhNhat.csproj", "{A58732B4-6A0A-455F-8705-EBE2C56A045E}"
EndProject
Global
	GlobalSection(SolutionConfigurationPlatforms) = preSolution
		Debug|Any CPU = Debug|Any CPU
		Release|Any CPU = Release|Any CPU
	EndGlobalSection
	GlobalSection(ProjectConfigurationPlatforms) = postSolution
		{A58732B4-6A0A-455F-8705-EBE2C56A045E}.Debug|Any CPU.ActiveCfg = Debug|Any CPU
		{A58732B4-6A0A-455F-8705-EBE2C56A045E}.Debug|Any CPU.Build.0 = Debug|Any CPU
		{A58732B4-6A0A-455F-8705-EBE2C56A045E}.Release|Any CPU.ActiveCfg = Release|Any CPU
		{A58732B4-6A0A-455F-8705-EBE2C56A045E}.Release|Any CPU.Build.0 = Release|Any CPU
	EndGlobalSection
	GlobalSection(SolutionProperties) = preSolution
		HideSolutionNode = FALSE
	EndGlobalSection
	GlobalSection(ExtensibilityGlobals) = postSolution
		SolutionGuid = {C2F0F633-BDE0-46AC-B6D1-C5690B25C693}
	EndGlobalSection
EndGlobal
