
Microsoft Visual Studio Solution File, Format Version 12.00
# Visual Studio Version 17
VisualStudioVersion = 17.7.34221.43
MinimumVisualStudioVersion = 10.0.40219.1
Project("{FAE04EC0-301F-11D3-BF4B-00C04F79EFBC}") = "0306231316_DoMinhNhat_Buoi7", "0306231316_DoMinhNhat_Buoi7\0306231316_DoMinhNhat_Buoi7.csproj", "{57EA51B0-0CD3-4982-9C55-410961861F23}"
EndProject
Global
	GlobalSection(SolutionConfigurationPlatforms) = preSolution
		Debug|Any CPU = Debug|Any CPU
		Release|Any CPU = Release|Any CPU
	EndGlobalSection
	GlobalSection(ProjectConfigurationPlatforms) = postSolution
		{57EA51B0-0CD3-4982-9C55-410961861F23}.Debug|Any CPU.ActiveCfg = Debug|Any CPU
		{57EA51B0-0CD3-4982-9C55-410961861F23}.Debug|Any CPU.Build.0 = Debug|Any CPU
		{57EA51B0-0CD3-4982-9C55-410961861F23}.Release|Any CPU.ActiveCfg = Release|Any CPU
		{57EA51B0-0CD3-4982-9C55-410961861F23}.Release|Any CPU.Build.0 = Release|Any CPU
	EndGlobalSection
	GlobalSection(SolutionProperties) = preSolution
		HideSolutionNode = FALSE
	EndGlobalSection
	GlobalSection(ExtensibilityGlobals) = postSolution
		SolutionGuid = {7A8E30F8-E549-4AA1-A8F1-F290DD2070A8}
	EndGlobalSection
EndGlobal
