
Microsoft Visual Studio Solution File, Format Version 12.00
# Visual Studio Version 17
VisualStudioVersion = 17.7.34221.43
MinimumVisualStudioVersion = 10.0.40219.1
Project("{9A19103F-16F7-4668-BE54-9A1E7A4F7556}") = "Bai1", "Bai1\Bai1.csproj", "{BAE445F3-389D-40B9-9D57-1C4C483E0869}"
EndProject
Project("{9A19103F-16F7-4668-BE54-9A1E7A4F7556}") = "Bai2", "Bai2\Bai2.csproj", "{C2147D3E-6150-45EC-AF87-47F64F2A13C2}"
EndProject
Project("{9A19103F-16F7-4668-BE54-9A1E7A4F7556}") = "Bai3", "Bai3\Bai3.csproj", "{C0DC993C-23D7-4447-A9F7-A211FCD2DB57}"
EndProject
Project("{9A19103F-16F7-4668-BE54-9A1E7A4F7556}") = "Bai4", "Bai4\Bai4.csproj", "{E7B64D1F-B9D1-414E-83B7-E4092246A234}"
EndProject
Project("{9A19103F-16F7-4668-BE54-9A1E7A4F7556}") = "Bai5", "Bai5\Bai5.csproj", "{642372F8-F1D6-4800-84C9-0043F904829C}"
EndProject
Project("{9A19103F-16F7-4668-BE54-9A1E7A4F7556}") = "Bai6", "Bai6\Bai6.csproj", "{1891C612-35B4-42EF-BFDC-C5A2424FA387}"
EndProject
Project("{9A19103F-16F7-4668-BE54-9A1E7A4F7556}") = "Bai7", "Bai7\Bai7.csproj", "{DA8EBCE3-6CFF-4452-8C22-945119DF2642}"
EndProject
Project("{9A19103F-16F7-4668-BE54-9A1E7A4F7556}") = "Bai8", "Bai8\Bai8.csproj", "{6DCDA7F9-43D7-4BB3-8CBE-40D873A42FAD}"
EndProject
Project("{9A19103F-16F7-4668-BE54-9A1E7A4F7556}") = "Bai9", "Bai9\Bai9.csproj", "{30556503-CB8B-4430-99B7-65BCBC188036}"
EndProject
Project("{9A19103F-16F7-4668-BE54-9A1E7A4F7556}") = "Bai10", "Bai10\Bai10.csproj", "{2BCBA827-28F2-4B4E-8394-7881D59BA546}"
EndProject
Project("{9A19103F-16F7-4668-BE54-9A1E7A4F7556}") = "Bai11", "Bai11\Bai11.csproj", "{5F6B6AD0-D35D-4C77-AA4C-8176929C4928}"
EndProject
Project("{9A19103F-16F7-4668-BE54-9A1E7A4F7556}") = "Bai12", "Bai12\Bai12.csproj", "{76EA49EA-2851-4E08-B49C-2BB095A80730}"
EndProject
Project("{9A19103F-16F7-4668-BE54-9A1E7A4F7556}") = "Bai13", "Bai13\Bai13.csproj", "{52F27A31-917E-4499-86A0-E28C4BB0F6F6}"
EndProject
Project("{9A19103F-16F7-4668-BE54-9A1E7A4F7556}") = "Bai14", "Bai14\Bai14.csproj", "{46B398C6-BAE6-4338-98F7-3974249C43DB}"
EndProject
Project("{9A19103F-16F7-4668-BE54-9A1E7A4F7556}") = "Bai15", "Bai15\Bai15.csproj", "{D54CC102-91BB-43B4-A6E3-58FD2BE62754}"
EndProject
Project("{9A19103F-16F7-4668-BE54-9A1E7A4F7556}") = "Bai16", "Bai16\Bai16.csproj", "{4B4102AF-9104-478B-BB16-803438B0BDB7}"
EndProject
Project("{9A19103F-16F7-4668-BE54-9A1E7A4F7556}") = "Bai17", "Bai17\Bai17.csproj", "{191E12AB-97AD-40C8-A253-EC73F00B6241}"
EndProject
Project("{9A19103F-16F7-4668-BE54-9A1E7A4F7556}") = "Bai18", "Bai18\Bai18.csproj", "{73A7E5CE-8A5C-4C29-913A-3999508AA4BB}"
EndProject
Project("{9A19103F-16F7-4668-BE54-9A1E7A4F7556}") = "Bai19", "Bai19\Bai19.csproj", "{6DCDD8DD-12AE-4C5A-9FDA-B2DBA2170836}"
EndProject
Project("{9A19103F-16F7-4668-BE54-9A1E7A4F7556}") = "Bai20", "Bai20\Bai20.csproj", "{CADBC4A7-5E2E-495D-85B3-40E81B2D47F6}"
EndProject
Project("{9A19103F-16F7-4668-BE54-9A1E7A4F7556}") = "Bai21", "Bai21\Bai21.csproj", "{904416CC-D851-4EA5-8081-092D7FE9A137}"
EndProject
Project("{FAE04EC0-301F-11D3-BF4B-00C04F79EFBC}") = "Bai22", "Bai22\Bai22.csproj", "{EC1FED9F-DE29-48B0-855B-67F72D571B2C}"
EndProject
Project("{FAE04EC0-301F-11D3-BF4B-00C04F79EFBC}") = "Bai23", "Bai23\Bai23.csproj", "{5468132A-82C5-4D25-B1E3-EAA17EC0CC0D}"
EndProject
Global
	GlobalSection(SolutionConfigurationPlatforms) = preSolution
		Debug|Any CPU = Debug|Any CPU
		Release|Any CPU = Release|Any CPU
	EndGlobalSection
	GlobalSection(ProjectConfigurationPlatforms) = postSolution
		{BAE445F3-389D-40B9-9D57-1C4C483E0869}.Debug|Any CPU.ActiveCfg = Debug|Any CPU
		{BAE445F3-389D-40B9-9D57-1C4C483E0869}.Debug|Any CPU.Build.0 = Debug|Any CPU
		{BAE445F3-389D-40B9-9D57-1C4C483E0869}.Release|Any CPU.ActiveCfg = Release|Any CPU
		{BAE445F3-389D-40B9-9D57-1C4C483E0869}.Release|Any CPU.Build.0 = Release|Any CPU
		{C2147D3E-6150-45EC-AF87-47F64F2A13C2}.Debug|Any CPU.ActiveCfg = Debug|Any CPU
		{C2147D3E-6150-45EC-AF87-47F64F2A13C2}.Debug|Any CPU.Build.0 = Debug|Any CPU
		{C2147D3E-6150-45EC-AF87-47F64F2A13C2}.Release|Any CPU.ActiveCfg = Release|Any CPU
		{C2147D3E-6150-45EC-AF87-47F64F2A13C2}.Release|Any CPU.Build.0 = Release|Any CPU
		{C0DC993C-23D7-4447-A9F7-A211FCD2DB57}.Debug|Any CPU.ActiveCfg = Debug|Any CPU
		{C0DC993C-23D7-4447-A9F7-A211FCD2DB57}.Debug|Any CPU.Build.0 = Debug|Any CPU
		{C0DC993C-23D7-4447-A9F7-A211FCD2DB57}.Release|Any CPU.ActiveCfg = Release|Any CPU
		{C0DC993C-23D7-4447-A9F7-A211FCD2DB57}.Release|Any CPU.Build.0 = Release|Any CPU
		{E7B64D1F-B9D1-414E-83B7-E4092246A234}.Debug|Any CPU.ActiveCfg = Debug|Any CPU
		{E7B64D1F-B9D1-414E-83B7-E4092246A234}.Debug|Any CPU.Build.0 = Debug|Any CPU
		{E7B64D1F-B9D1-414E-83B7-E4092246A234}.Release|Any CPU.ActiveCfg = Release|Any CPU
		{E7B64D1F-B9D1-414E-83B7-E4092246A234}.Release|Any CPU.Build.0 = Release|Any CPU
		{642372F8-F1D6-4800-84C9-0043F904829C}.Debug|Any CPU.ActiveCfg = Debug|Any CPU
		{642372F8-F1D6-4800-84C9-0043F904829C}.Debug|Any CPU.Build.0 = Debug|Any CPU
		{642372F8-F1D6-4800-84C9-0043F904829C}.Release|Any CPU.ActiveCfg = Release|Any CPU
		{642372F8-F1D6-4800-84C9-0043F904829C}.Release|Any CPU.Build.0 = Release|Any CPU
		{1891C612-35B4-42EF-BFDC-C5A2424FA387}.Debug|Any CPU.ActiveCfg = Debug|Any CPU
		{1891C612-35B4-42EF-BFDC-C5A2424FA387}.Debug|Any CPU.Build.0 = Debug|Any CPU
		{1891C612-35B4-42EF-BFDC-C5A2424FA387}.Release|Any CPU.ActiveCfg = Release|Any CPU
		{1891C612-35B4-42EF-BFDC-C5A2424FA387}.Release|Any CPU.Build.0 = Release|Any CPU
		{DA8EBCE3-6CFF-4452-8C22-945119DF2642}.Debug|Any CPU.ActiveCfg = Debug|Any CPU
		{DA8EBCE3-6CFF-4452-8C22-945119DF2642}.Debug|Any CPU.Build.0 = Debug|Any CPU
		{DA8EBCE3-6CFF-4452-8C22-945119DF2642}.Release|Any CPU.ActiveCfg = Release|Any CPU
		{DA8EBCE3-6CFF-4452-8C22-945119DF2642}.Release|Any CPU.Build.0 = Release|Any CPU
		{6DCDA7F9-43D7-4BB3-8CBE-40D873A42FAD}.Debug|Any CPU.ActiveCfg = Debug|Any CPU
		{6DCDA7F9-43D7-4BB3-8CBE-40D873A42FAD}.Debug|Any CPU.Build.0 = Debug|Any CPU
		{6DCDA7F9-43D7-4BB3-8CBE-40D873A42FAD}.Release|Any CPU.ActiveCfg = Release|Any CPU
		{6DCDA7F9-43D7-4BB3-8CBE-40D873A42FAD}.Release|Any CPU.Build.0 = Release|Any CPU
		{30556503-CB8B-4430-99B7-65BCBC188036}.Debug|Any CPU.ActiveCfg = Debug|Any CPU
		{30556503-CB8B-4430-99B7-65BCBC188036}.Debug|Any CPU.Build.0 = Debug|Any CPU
		{30556503-CB8B-4430-99B7-65BCBC188036}.Release|Any CPU.ActiveCfg = Release|Any CPU
		{30556503-CB8B-4430-99B7-65BCBC188036}.Release|Any CPU.Build.0 = Release|Any CPU
		{2BCBA827-28F2-4B4E-8394-7881D59BA546}.Debug|Any CPU.ActiveCfg = Debug|Any CPU
		{2BCBA827-28F2-4B4E-8394-7881D59BA546}.Debug|Any CPU.Build.0 = Debug|Any CPU
		{2BCBA827-28F2-4B4E-8394-7881D59BA546}.Release|Any CPU.ActiveCfg = Release|Any CPU
		{2BCBA827-28F2-4B4E-8394-7881D59BA546}.Release|Any CPU.Build.0 = Release|Any CPU
		{5F6B6AD0-D35D-4C77-AA4C-8176929C4928}.Debug|Any CPU.ActiveCfg = Debug|Any CPU
		{5F6B6AD0-D35D-4C77-AA4C-8176929C4928}.Debug|Any CPU.Build.0 = Debug|Any CPU
		{5F6B6AD0-D35D-4C77-AA4C-8176929C4928}.Release|Any CPU.ActiveCfg = Release|Any CPU
		{5F6B6AD0-D35D-4C77-AA4C-8176929C4928}.Release|Any CPU.Build.0 = Release|Any CPU
		{76EA49EA-2851-4E08-B49C-2BB095A80730}.Debug|Any CPU.ActiveCfg = Debug|Any CPU
		{76EA49EA-2851-4E08-B49C-2BB095A80730}.Debug|Any CPU.Build.0 = Debug|Any CPU
		{76EA49EA-2851-4E08-B49C-2BB095A80730}.Release|Any CPU.ActiveCfg = Release|Any CPU
		{76EA49EA-2851-4E08-B49C-2BB095A80730}.Release|Any CPU.Build.0 = Release|Any CPU
		{52F27A31-917E-4499-86A0-E28C4BB0F6F6}.Debug|Any CPU.ActiveCfg = Debug|Any CPU
		{52F27A31-917E-4499-86A0-E28C4BB0F6F6}.Debug|Any CPU.Build.0 = Debug|Any CPU
		{52F27A31-917E-4499-86A0-E28C4BB0F6F6}.Release|Any CPU.ActiveCfg = Release|Any CPU
		{52F27A31-917E-4499-86A0-E28C4BB0F6F6}.Release|Any CPU.Build.0 = Release|Any CPU
		{46B398C6-BAE6-4338-98F7-3974249C43DB}.Debug|Any CPU.ActiveCfg = Debug|Any CPU
		{46B398C6-BAE6-4338-98F7-3974249C43DB}.Debug|Any CPU.Build.0 = Debug|Any CPU
		{46B398C6-BAE6-4338-98F7-3974249C43DB}.Release|Any CPU.ActiveCfg = Release|Any CPU
		{46B398C6-BAE6-4338-98F7-3974249C43DB}.Release|Any CPU.Build.0 = Release|Any CPU
		{D54CC102-91BB-43B4-A6E3-58FD2BE62754}.Debug|Any CPU.ActiveCfg = Debug|Any CPU
		{D54CC102-91BB-43B4-A6E3-58FD2BE62754}.Debug|Any CPU.Build.0 = Debug|Any CPU
		{D54CC102-91BB-43B4-A6E3-58FD2BE62754}.Release|Any CPU.ActiveCfg = Release|Any CPU
		{D54CC102-91BB-43B4-A6E3-58FD2BE62754}.Release|Any CPU.Build.0 = Release|Any CPU
		{4B4102AF-9104-478B-BB16-803438B0BDB7}.Debug|Any CPU.ActiveCfg = Debug|Any CPU
		{4B4102AF-9104-478B-BB16-803438B0BDB7}.Debug|Any CPU.Build.0 = Debug|Any CPU
		{4B4102AF-9104-478B-BB16-803438B0BDB7}.Release|Any CPU.ActiveCfg = Release|Any CPU
		{4B4102AF-9104-478B-BB16-803438B0BDB7}.Release|Any CPU.Build.0 = Release|Any CPU
		{191E12AB-97AD-40C8-A253-EC73F00B6241}.Debug|Any CPU.ActiveCfg = Debug|Any CPU
		{191E12AB-97AD-40C8-A253-EC73F00B6241}.Debug|Any CPU.Build.0 = Debug|Any CPU
		{191E12AB-97AD-40C8-A253-EC73F00B6241}.Release|Any CPU.ActiveCfg = Release|Any CPU
		{191E12AB-97AD-40C8-A253-EC73F00B6241}.Release|Any CPU.Build.0 = Release|Any CPU
		{73A7E5CE-8A5C-4C29-913A-3999508AA4BB}.Debug|Any CPU.ActiveCfg = Debug|Any CPU
		{73A7E5CE-8A5C-4C29-913A-3999508AA4BB}.Debug|Any CPU.Build.0 = Debug|Any CPU
		{73A7E5CE-8A5C-4C29-913A-3999508AA4BB}.Release|Any CPU.ActiveCfg = Release|Any CPU
		{73A7E5CE-8A5C-4C29-913A-3999508AA4BB}.Release|Any CPU.Build.0 = Release|Any CPU
		{6DCDD8DD-12AE-4C5A-9FDA-B2DBA2170836}.Debug|Any CPU.ActiveCfg = Debug|Any CPU
		{6DCDD8DD-12AE-4C5A-9FDA-B2DBA2170836}.Debug|Any CPU.Build.0 = Debug|Any CPU
		{6DCDD8DD-12AE-4C5A-9FDA-B2DBA2170836}.Release|Any CPU.ActiveCfg = Release|Any CPU
		{6DCDD8DD-12AE-4C5A-9FDA-B2DBA2170836}.Release|Any CPU.Build.0 = Release|Any CPU
		{CADBC4A7-5E2E-495D-85B3-40E81B2D47F6}.Debug|Any CPU.ActiveCfg = Debug|Any CPU
		{CADBC4A7-5E2E-495D-85B3-40E81B2D47F6}.Debug|Any CPU.Build.0 = Debug|Any CPU
		{CADBC4A7-5E2E-495D-85B3-40E81B2D47F6}.Release|Any CPU.ActiveCfg = Release|Any CPU
		{CADBC4A7-5E2E-495D-85B3-40E81B2D47F6}.Release|Any CPU.Build.0 = Release|Any CPU
		{904416CC-D851-4EA5-8081-092D7FE9A137}.Debug|Any CPU.ActiveCfg = Debug|Any CPU
		{904416CC-D851-4EA5-8081-092D7FE9A137}.Debug|Any CPU.Build.0 = Debug|Any CPU
		{904416CC-D851-4EA5-8081-092D7FE9A137}.Release|Any CPU.ActiveCfg = Release|Any CPU
		{904416CC-D851-4EA5-8081-092D7FE9A137}.Release|Any CPU.Build.0 = Release|Any CPU
		{EC1FED9F-DE29-48B0-855B-67F72D571B2C}.Debug|Any CPU.ActiveCfg = Debug|Any CPU
		{EC1FED9F-DE29-48B0-855B-67F72D571B2C}.Debug|Any CPU.Build.0 = Debug|Any CPU
		{EC1FED9F-DE29-48B0-855B-67F72D571B2C}.Release|Any CPU.ActiveCfg = Release|Any CPU
		{EC1FED9F-DE29-48B0-855B-67F72D571B2C}.Release|Any CPU.Build.0 = Release|Any CPU
		{5468132A-82C5-4D25-B1E3-EAA17EC0CC0D}.Debug|Any CPU.ActiveCfg = Debug|Any CPU
		{5468132A-82C5-4D25-B1E3-EAA17EC0CC0D}.Debug|Any CPU.Build.0 = Debug|Any CPU
		{5468132A-82C5-4D25-B1E3-EAA17EC0CC0D}.Release|Any CPU.ActiveCfg = Release|Any CPU
		{5468132A-82C5-4D25-B1E3-EAA17EC0CC0D}.Release|Any CPU.Build.0 = Release|Any CPU
	EndGlobalSection
	GlobalSection(SolutionProperties) = preSolution
		HideSolutionNode = FALSE
	EndGlobalSection
	GlobalSection(ExtensibilityGlobals) = postSolution
		SolutionGuid = {B3EA26DA-2778-4AB9-BEEE-FE4C173579F5}
	EndGlobalSection
EndGlobal
