
Microsoft Visual Studio Solution File, Format Version 12.00
# Visual Studio Version 17
VisualStudioVersion = 17.7.34221.43
MinimumVisualStudioVersion = 10.0.40219.1
Project("{9A19103F-16F7-4668-BE54-9A1E7A4F7556}") = "Bai01", "Bai01\Bai01.csproj", "{3E2BC9E6-FDCF-45D6-8870-0AC3567263E7}"
EndProject
Project("{FAE04EC0-301F-11D3-BF4B-00C04F79EFBC}") = "Bai2", "Bai2\Bai2.csproj", "{F2980550-B556-4B87-B674-635F350196AB}"
EndProject
Global
	GlobalSection(SolutionConfigurationPlatforms) = preSolution
		Debug|Any CPU = Debug|Any CPU
		Release|Any CPU = Release|Any CPU
	EndGlobalSection
	GlobalSection(ProjectConfigurationPlatforms) = postSolution
		{3E2BC9E6-FDCF-45D6-8870-0AC3567263E7}.Debug|Any CPU.ActiveCfg = Debug|Any CPU
		{3E2BC9E6-FDCF-45D6-8870-0AC3567263E7}.Debug|Any CPU.Build.0 = Debug|Any CPU
		{3E2BC9E6-FDCF-45D6-8870-0AC3567263E7}.Release|Any CPU.ActiveCfg = Release|Any CPU
		{3E2BC9E6-FDCF-45D6-8870-0AC3567263E7}.Release|Any CPU.Build.0 = Release|Any CPU
		{F2980550-B556-4B87-B674-635F350196AB}.Debug|Any CPU.ActiveCfg = Debug|Any CPU
		{F2980550-B556-4B87-B674-635F350196AB}.Debug|Any CPU.Build.0 = Debug|Any CPU
		{F2980550-B556-4B87-B674-635F350196AB}.Release|Any CPU.ActiveCfg = Release|Any CPU
		{F2980550-B556-4B87-B674-635F350196AB}.Release|Any CPU.Build.0 = Release|Any CPU
	EndGlobalSection
	GlobalSection(SolutionProperties) = preSolution
		HideSolutionNode = FALSE
	EndGlobalSection
	GlobalSection(ExtensibilityGlobals) = postSolution
		SolutionGuid = {F662A4CF-C2E2-4480-A1B1-6B50F034FD28}
	EndGlobalSection
EndGlobal
